
Microsoft Visual Studio Solution File, Format Version 12.00
# Visual Studio 15
VisualStudioVersion = 15.0.27703.2047
MinimumVisualStudioVersion = 10.0.40219.1
Project("{FAE04EC0-301F-11D3-BF4B-00C04F79EFBC}") = "camera.Android", "camera\camera.Android\camera.Android.csproj", "{89C7D744-0316-4442-9C57-C88618572608}"
EndProject
Project("{FAE04EC0-301F-11D3-BF4B-00C04F79EFBC}") = "camera.iOS", "camera\camera.iOS\camera.iOS.csproj", "{902E6C63-29EB-4D0B-B5E9-098E4669FB92}"
EndProject
Project("{FAE04EC0-301F-11D3-BF4B-00C04F79EFBC}") = "camera.UWP", "camera\camera.UWP\camera.UWP.csproj", "{603C2236-A951-4F61-B453-D894C2B9C23D}"
EndProject
Project("{FAE04EC0-301F-11D3-BF4B-00C04F79EFBC}") = "camera", "camera\camera\camera.csproj", "{94E9070B-1FD6-4C7C-95E0-4E986DA94597}"
EndProject
Global
	GlobalSection(SolutionConfigurationPlatforms) = preSolution
		Ad-Hoc|Any CPU = Ad-Hoc|Any CPU
		Ad-Hoc|ARM = Ad-Hoc|ARM
		Ad-Hoc|iPhone = Ad-Hoc|iPhone
		Ad-Hoc|iPhoneSimulator = Ad-Hoc|iPhoneSimulator
		Ad-Hoc|x64 = Ad-Hoc|x64
		Ad-Hoc|x86 = Ad-Hoc|x86
		AppStore|Any CPU = AppStore|Any CPU
		AppStore|ARM = AppStore|ARM
		AppStore|iPhone = AppStore|iPhone
		AppStore|iPhoneSimulator = AppStore|iPhoneSimulator
		AppStore|x64 = AppStore|x64
		AppStore|x86 = AppStore|x86
		Debug|Any CPU = Debug|Any CPU
		Debug|ARM = Debug|ARM
		Debug|iPhone = Debug|iPhone
		Debug|iPhoneSimulator = Debug|iPhoneSimulator
		Debug|x64 = Debug|x64
		Debug|x86 = Debug|x86
		Release|Any CPU = Release|Any CPU
		Release|ARM = Release|ARM
		Release|iPhone = Release|iPhone
		Release|iPhoneSimulator = Release|iPhoneSimulator
		Release|x64 = Release|x64
		Release|x86 = Release|x86
	EndGlobalSection
	GlobalSection(ProjectConfigurationPlatforms) = postSolution
		{89C7D744-0316-4442-9C57-C88618572608}.Ad-Hoc|Any CPU.ActiveCfg = Release|Any CPU
		{89C7D744-0316-4442-9C57-C88618572608}.Ad-Hoc|Any CPU.Build.0 = Release|Any CPU
		{89C7D744-0316-4442-9C57-C88618572608}.Ad-Hoc|Any CPU.Deploy.0 = Release|Any CPU
		{89C7D744-0316-4442-9C57-C88618572608}.Ad-Hoc|ARM.ActiveCfg = Release|Any CPU
		{89C7D744-0316-4442-9C57-C88618572608}.Ad-Hoc|ARM.Build.0 = Release|Any CPU
		{89C7D744-0316-4442-9C57-C88618572608}.Ad-Hoc|ARM.Deploy.0 = Release|Any CPU
		{89C7D744-0316-4442-9C57-C88618572608}.Ad-Hoc|iPhone.ActiveCfg = Release|Any CPU
		{89C7D744-0316-4442-9C57-C88618572608}.Ad-Hoc|iPhone.Build.0 = Release|Any CPU
		{89C7D744-0316-4442-9C57-C88618572608}.Ad-Hoc|iPhone.Deploy.0 = Release|Any CPU
		{89C7D744-0316-4442-9C57-C88618572608}.Ad-Hoc|iPhoneSimulator.ActiveCfg = Release|Any CPU
		{89C7D744-0316-4442-9C57-C88618572608}.Ad-Hoc|iPhoneSimulator.Build.0 = Release|Any CPU
		{89C7D744-0316-4442-9C57-C88618572608}.Ad-Hoc|iPhoneSimulator.Deploy.0 = Release|Any CPU
		{89C7D744-0316-4442-9C57-C88618572608}.Ad-Hoc|x64.ActiveCfg = Release|Any CPU
		{89C7D744-0316-4442-9C57-C88618572608}.Ad-Hoc|x64.Build.0 = Release|Any CPU
		{89C7D744-0316-4442-9C57-C88618572608}.Ad-Hoc|x64.Deploy.0 = Release|Any CPU
		{89C7D744-0316-4442-9C57-C88618572608}.Ad-Hoc|x86.ActiveCfg = Release|Any CPU
		{89C7D744-0316-4442-9C57-C88618572608}.Ad-Hoc|x86.Build.0 = Release|Any CPU
		{89C7D744-0316-4442-9C57-C88618572608}.Ad-Hoc|x86.Deploy.0 = Release|Any CPU
		{89C7D744-0316-4442-9C57-C88618572608}.AppStore|Any CPU.ActiveCfg = Release|Any CPU
		{89C7D744-0316-4442-9C57-C88618572608}.AppStore|Any CPU.Build.0 = Release|Any CPU
		{89C7D744-0316-4442-9C57-C88618572608}.AppStore|Any CPU.Deploy.0 = Release|Any CPU
		{89C7D744-0316-4442-9C57-C88618572608}.AppStore|ARM.ActiveCfg = Release|Any CPU
		{89C7D744-0316-4442-9C57-C88618572608}.AppStore|ARM.Build.0 = Release|Any CPU
		{89C7D744-0316-4442-9C57-C88618572608}.AppStore|ARM.Deploy.0 = Release|Any CPU
		{89C7D744-0316-4442-9C57-C88618572608}.AppStore|iPhone.ActiveCfg = Release|Any CPU
		{89C7D744-0316-4442-9C57-C88618572608}.AppStore|iPhone.Build.0 = Release|Any CPU
		{89C7D744-0316-4442-9C57-C88618572608}.AppStore|iPhone.Deploy.0 = Release|Any CPU
		{89C7D744-0316-4442-9C57-C88618572608}.AppStore|iPhoneSimulator.ActiveCfg = Release|Any CPU
		{89C7D744-0316-4442-9C57-C88618572608}.AppStore|iPhoneSimulator.Build.0 = Release|Any CPU
		{89C7D744-0316-4442-9C57-C88618572608}.AppStore|iPhoneSimulator.Deploy.0 = Release|Any CPU
		{89C7D744-0316-4442-9C57-C88618572608}.AppStore|x64.ActiveCfg = Release|Any CPU
		{89C7D744-0316-4442-9C57-C88618572608}.AppStore|x64.Build.0 = Release|Any CPU
		{89C7D744-0316-4442-9C57-C88618572608}.AppStore|x64.Deploy.0 = Release|Any CPU
		{89C7D744-0316-4442-9C57-C88618572608}.AppStore|x86.ActiveCfg = Release|Any CPU
		{89C7D744-0316-4442-9C57-C88618572608}.AppStore|x86.Build.0 = Release|Any CPU
		{89C7D744-0316-4442-9C57-C88618572608}.AppStore|x86.Deploy.0 = Release|Any CPU
		{89C7D744-0316-4442-9C57-C88618572608}.Debug|Any CPU.ActiveCfg = Debug|Any CPU
		{89C7D744-0316-4442-9C57-C88618572608}.Debug|Any CPU.Build.0 = Debug|Any CPU
		{89C7D744-0316-4442-9C57-C88618572608}.Debug|Any CPU.Deploy.0 = Debug|Any CPU
		{89C7D744-0316-4442-9C57-C88618572608}.Debug|ARM.ActiveCfg = Debug|Any CPU
		{89C7D744-0316-4442-9C57-C88618572608}.Debug|ARM.Build.0 = Debug|Any CPU
		{89C7D744-0316-4442-9C57-C88618572608}.Debug|ARM.Deploy.0 = Debug|Any CPU
		{89C7D744-0316-4442-9C57-C88618572608}.Debug|iPhone.ActiveCfg = Debug|Any CPU
		{89C7D744-0316-4442-9C57-C88618572608}.Debug|iPhone.Build.0 = Debug|Any CPU
		{89C7D744-0316-4442-9C57-C88618572608}.Debug|iPhone.Deploy.0 = Debug|Any CPU
		{89C7D744-0316-4442-9C57-C88618572608}.Debug|iPhoneSimulator.ActiveCfg = Debug|Any CPU
		{89C7D744-0316-4442-9C57-C88618572608}.Debug|iPhoneSimulator.Build.0 = Debug|Any CPU
		{89C7D744-0316-4442-9C57-C88618572608}.Debug|iPhoneSimulator.Deploy.0 = Debug|Any CPU
		{89C7D744-0316-4442-9C57-C88618572608}.Debug|x64.ActiveCfg = Debug|Any CPU
		{89C7D744-0316-4442-9C57-C88618572608}.Debug|x64.Build.0 = Debug|Any CPU
		{89C7D744-0316-4442-9C57-C88618572608}.Debug|x64.Deploy.0 = Debug|Any CPU
		{89C7D744-0316-4442-9C57-C88618572608}.Debug|x86.ActiveCfg = Debug|Any CPU
		{89C7D744-0316-4442-9C57-C88618572608}.Debug|x86.Build.0 = Debug|Any CPU
		{89C7D744-0316-4442-9C57-C88618572608}.Debug|x86.Deploy.0 = Debug|Any CPU
		{89C7D744-0316-4442-9C57-C88618572608}.Release|Any CPU.ActiveCfg = Release|Any CPU
		{89C7D744-0316-4442-9C57-C88618572608}.Release|Any CPU.Build.0 = Release|Any CPU
		{89C7D744-0316-4442-9C57-C88618572608}.Release|Any CPU.Deploy.0 = Release|Any CPU
		{89C7D744-0316-4442-9C57-C88618572608}.Release|ARM.ActiveCfg = Release|Any CPU
		{89C7D744-0316-4442-9C57-C88618572608}.Release|ARM.Build.0 = Release|Any CPU
		{89C7D744-0316-4442-9C57-C88618572608}.Release|ARM.Deploy.0 = Release|Any CPU
		{89C7D744-0316-4442-9C57-C88618572608}.Release|iPhone.ActiveCfg = Release|Any CPU
		{89C7D744-0316-4442-9C57-C88618572608}.Release|iPhone.Build.0 = Release|Any CPU
		{89C7D744-0316-4442-9C57-C88618572608}.Release|iPhone.Deploy.0 = Release|Any CPU
		{89C7D744-0316-4442-9C57-C88618572608}.Release|iPhoneSimulator.ActiveCfg = Release|Any CPU
		{89C7D744-0316-4442-9C57-C88618572608}.Release|iPhoneSimulator.Build.0 = Release|Any CPU
		{89C7D744-0316-4442-9C57-C88618572608}.Release|iPhoneSimulator.Deploy.0 = Release|Any CPU
		{89C7D744-0316-4442-9C57-C88618572608}.Release|x64.ActiveCfg = Release|Any CPU
		{89C7D744-0316-4442-9C57-C88618572608}.Release|x64.Build.0 = Release|Any CPU
		{89C7D744-0316-4442-9C57-C88618572608}.Release|x64.Deploy.0 = Release|Any CPU
		{89C7D744-0316-4442-9C57-C88618572608}.Release|x86.ActiveCfg = Release|Any CPU
		{89C7D744-0316-4442-9C57-C88618572608}.Release|x86.Build.0 = Release|Any CPU
		{89C7D744-0316-4442-9C57-C88618572608}.Release|x86.Deploy.0 = Release|Any CPU
		{902E6C63-29EB-4D0B-B5E9-098E4669FB92}.Ad-Hoc|Any CPU.ActiveCfg = Ad-Hoc|iPhone
		{902E6C63-29EB-4D0B-B5E9-098E4669FB92}.Ad-Hoc|Any CPU.Build.0 = Ad-Hoc|iPhone
		{902E6C63-29EB-4D0B-B5E9-098E4669FB92}.Ad-Hoc|Any CPU.Deploy.0 = Ad-Hoc|iPhone
		{902E6C63-29EB-4D0B-B5E9-098E4669FB92}.Ad-Hoc|ARM.ActiveCfg = Ad-Hoc|iPhone
		{902E6C63-29EB-4D0B-B5E9-098E4669FB92}.Ad-Hoc|ARM.Build.0 = Ad-Hoc|iPhone
		{902E6C63-29EB-4D0B-B5E9-098E4669FB92}.Ad-Hoc|ARM.Deploy.0 = Ad-Hoc|iPhone
		{902E6C63-29EB-4D0B-B5E9-098E4669FB92}.Ad-Hoc|iPhone.ActiveCfg = Ad-Hoc|iPhone
		{902E6C63-29EB-4D0B-B5E9-098E4669FB92}.Ad-Hoc|iPhone.Build.0 = Ad-Hoc|iPhone
		{902E6C63-29EB-4D0B-B5E9-098E4669FB92}.Ad-Hoc|iPhone.Deploy.0 = Ad-Hoc|iPhone
		{902E6C63-29EB-4D0B-B5E9-098E4669FB92}.Ad-Hoc|iPhoneSimulator.ActiveCfg = Ad-Hoc|iPhoneSimulator
		{902E6C63-29EB-4D0B-B5E9-098E4669FB92}.Ad-Hoc|iPhoneSimulator.Build.0 = Ad-Hoc|iPhoneSimulator
		{902E6C63-29EB-4D0B-B5E9-098E4669FB92}.Ad-Hoc|iPhoneSimulator.Deploy.0 = Ad-Hoc|iPhoneSimulator
		{902E6C63-29EB-4D0B-B5E9-098E4669FB92}.Ad-Hoc|x64.ActiveCfg = Ad-Hoc|iPhone
		{902E6C63-29EB-4D0B-B5E9-098E4669FB92}.Ad-Hoc|x64.Build.0 = Ad-Hoc|iPhone
		{902E6C63-29EB-4D0B-B5E9-098E4669FB92}.Ad-Hoc|x64.Deploy.0 = Ad-Hoc|iPhone
		{902E6C63-29EB-4D0B-B5E9-098E4669FB92}.Ad-Hoc|x86.ActiveCfg = Ad-Hoc|iPhone
		{902E6C63-29EB-4D0B-B5E9-098E4669FB92}.Ad-Hoc|x86.Build.0 = Ad-Hoc|iPhone
		{902E6C63-29EB-4D0B-B5E9-098E4669FB92}.Ad-Hoc|x86.Deploy.0 = Ad-Hoc|iPhone
		{902E6C63-29EB-4D0B-B5E9-098E4669FB92}.AppStore|Any CPU.ActiveCfg = AppStore|iPhone
		{902E6C63-29EB-4D0B-B5E9-098E4669FB92}.AppStore|Any CPU.Build.0 = AppStore|iPhone
		{902E6C63-29EB-4D0B-B5E9-098E4669FB92}.AppStore|Any CPU.Deploy.0 = AppStore|iPhone
		{902E6C63-29EB-4D0B-B5E9-098E4669FB92}.AppStore|ARM.ActiveCfg = AppStore|iPhone
		{902E6C63-29EB-4D0B-B5E9-098E4669FB92}.AppStore|ARM.Build.0 = AppStore|iPhone
		{902E6C63-29EB-4D0B-B5E9-098E4669FB92}.AppStore|ARM.Deploy.0 = AppStore|iPhone
		{902E6C63-29EB-4D0B-B5E9-098E4669FB92}.AppStore|iPhone.ActiveCfg = AppStore|iPhone
		{902E6C63-29EB-4D0B-B5E9-098E4669FB92}.AppStore|iPhone.Build.0 = AppStore|iPhone
		{902E6C63-29EB-4D0B-B5E9-098E4669FB92}.AppStore|iPhone.Deploy.0 = AppStore|iPhone
		{902E6C63-29EB-4D0B-B5E9-098E4669FB92}.AppStore|iPhoneSimulator.ActiveCfg = AppStore|iPhoneSimulator
		{902E6C63-29EB-4D0B-B5E9-098E4669FB92}.AppStore|iPhoneSimulator.Build.0 = AppStore|iPhoneSimulator
		{902E6C63-29EB-4D0B-B5E9-098E4669FB92}.AppStore|iPhoneSimulator.Deploy.0 = AppStore|iPhoneSimulator
		{902E6C63-29EB-4D0B-B5E9-098E4669FB92}.AppStore|x64.ActiveCfg = AppStore|iPhone
		{902E6C63-29EB-4D0B-B5E9-098E4669FB92}.AppStore|x64.Build.0 = AppStore|iPhone
		{902E6C63-29EB-4D0B-B5E9-098E4669FB92}.AppStore|x64.Deploy.0 = AppStore|iPhone
		{902E6C63-29EB-4D0B-B5E9-098E4669FB92}.AppStore|x86.ActiveCfg = AppStore|iPhone
		{902E6C63-29EB-4D0B-B5E9-098E4669FB92}.AppStore|x86.Build.0 = AppStore|iPhone
		{902E6C63-29EB-4D0B-B5E9-098E4669FB92}.AppStore|x86.Deploy.0 = AppStore|iPhone
		{902E6C63-29EB-4D0B-B5E9-098E4669FB92}.Debug|Any CPU.ActiveCfg = Debug|iPhoneSimulator
		{902E6C63-29EB-4D0B-B5E9-098E4669FB92}.Debug|Any CPU.Build.0 = Debug|iPhoneSimulator
		{902E6C63-29EB-4D0B-B5E9-098E4669FB92}.Debug|Any CPU.Deploy.0 = Debug|iPhoneSimulator
		{902E6C63-29EB-4D0B-B5E9-098E4669FB92}.Debug|ARM.ActiveCfg = Debug|iPhone
		{902E6C63-29EB-4D0B-B5E9-098E4669FB92}.Debug|ARM.Build.0 = Debug|iPhone
		{902E6C63-29EB-4D0B-B5E9-098E4669FB92}.Debug|ARM.Deploy.0 = Debug|iPhone
		{902E6C63-29EB-4D0B-B5E9-098E4669FB92}.Debug|iPhone.ActiveCfg = Debug|iPhone
		{902E6C63-29EB-4D0B-B5E9-098E4669FB92}.Debug|iPhone.Build.0 = Debug|iPhone
		{902E6C63-29EB-4D0B-B5E9-098E4669FB92}.Debug|iPhone.Deploy.0 = Debug|iPhone
		{902E6C63-29EB-4D0B-B5E9-098E4669FB92}.Debug|iPhoneSimulator.ActiveCfg = Debug|iPhoneSimulator
		{902E6C63-29EB-4D0B-B5E9-098E4669FB92}.Debug|iPhoneSimulator.Build.0 = Debug|iPhoneSimulator
		{902E6C63-29EB-4D0B-B5E9-098E4669FB92}.Debug|iPhoneSimulator.Deploy.0 = Debug|iPhoneSimulator
		{902E6C63-29EB-4D0B-B5E9-098E4669FB92}.Debug|x64.ActiveCfg = Debug|iPhone
		{902E6C63-29EB-4D0B-B5E9-098E4669FB92}.Debug|x64.Build.0 = Debug|iPhone
		{902E6C63-29EB-4D0B-B5E9-098E4669FB92}.Debug|x64.Deploy.0 = Debug|iPhone
		{902E6C63-29EB-4D0B-B5E9-098E4669FB92}.Debug|x86.ActiveCfg = Debug|iPhone
		{902E6C63-29EB-4D0B-B5E9-098E4669FB92}.Debug|x86.Build.0 = Debug|iPhone
		{902E6C63-29EB-4D0B-B5E9-098E4669FB92}.Debug|x86.Deploy.0 = Debug|iPhone
		{902E6C63-29EB-4D0B-B5E9-098E4669FB92}.Release|Any CPU.ActiveCfg = Release|iPhone
		{902E6C63-29EB-4D0B-B5E9-098E4669FB92}.Release|Any CPU.Build.0 = Release|iPhone
		{902E6C63-29EB-4D0B-B5E9-098E4669FB92}.Release|Any CPU.Deploy.0 = Release|iPhone
		{902E6C63-29EB-4D0B-B5E9-098E4669FB92}.Release|ARM.ActiveCfg = Release|iPhone
		{902E6C63-29EB-4D0B-B5E9-098E4669FB92}.Release|ARM.Build.0 = Release|iPhone
		{902E6C63-29EB-4D0B-B5E9-098E4669FB92}.Release|ARM.Deploy.0 = Release|iPhone
		{902E6C63-29EB-4D0B-B5E9-098E4669FB92}.Release|iPhone.ActiveCfg = Release|iPhone
		{902E6C63-29EB-4D0B-B5E9-098E4669FB92}.Release|iPhone.Build.0 = Release|iPhone
		{902E6C63-29EB-4D0B-B5E9-098E4669FB92}.Release|iPhone.Deploy.0 = Release|iPhone
		{902E6C63-29EB-4D0B-B5E9-098E4669FB92}.Release|iPhoneSimulator.ActiveCfg = Release|iPhoneSimulator
		{902E6C63-29EB-4D0B-B5E9-098E4669FB92}.Release|iPhoneSimulator.Build.0 = Release|iPhoneSimulator
		{902E6C63-29EB-4D0B-B5E9-098E4669FB92}.Release|iPhoneSimulator.Deploy.0 = Release|iPhoneSimulator
		{902E6C63-29EB-4D0B-B5E9-098E4669FB92}.Release|x64.ActiveCfg = Release|iPhone
		{902E6C63-29EB-4D0B-B5E9-098E4669FB92}.Release|x64.Build.0 = Release|iPhone
		{902E6C63-29EB-4D0B-B5E9-098E4669FB92}.Release|x64.Deploy.0 = Release|iPhone
		{902E6C63-29EB-4D0B-B5E9-098E4669FB92}.Release|x86.ActiveCfg = Release|iPhone
		{902E6C63-29EB-4D0B-B5E9-098E4669FB92}.Release|x86.Build.0 = Release|iPhone
		{902E6C63-29EB-4D0B-B5E9-098E4669FB92}.Release|x86.Deploy.0 = Release|iPhone
		{603C2236-A951-4F61-B453-D894C2B9C23D}.Ad-Hoc|Any CPU.ActiveCfg = Release|x86
		{603C2236-A951-4F61-B453-D894C2B9C23D}.Ad-Hoc|Any CPU.Build.0 = Release|x86
		{603C2236-A951-4F61-B453-D894C2B9C23D}.Ad-Hoc|Any CPU.Deploy.0 = Release|x86
		{603C2236-A951-4F61-B453-D894C2B9C23D}.Ad-Hoc|ARM.ActiveCfg = Release|ARM
		{603C2236-A951-4F61-B453-D894C2B9C23D}.Ad-Hoc|ARM.Build.0 = Release|ARM
		{603C2236-A951-4F61-B453-D894C2B9C23D}.Ad-Hoc|ARM.Deploy.0 = Release|ARM
		{603C2236-A951-4F61-B453-D894C2B9C23D}.Ad-Hoc|iPhone.ActiveCfg = Release|x86
		{603C2236-A951-4F61-B453-D894C2B9C23D}.Ad-Hoc|iPhone.Build.0 = Release|x86
		{603C2236-A951-4F61-B453-D894C2B9C23D}.Ad-Hoc|iPhone.Deploy.0 = Release|x86
		{603C2236-A951-4F61-B453-D894C2B9C23D}.Ad-Hoc|iPhoneSimulator.ActiveCfg = Release|x86
		{603C2236-A951-4F61-B453-D894C2B9C23D}.Ad-Hoc|iPhoneSimulator.Build.0 = Release|x86
		{603C2236-A951-4F61-B453-D894C2B9C23D}.Ad-Hoc|iPhoneSimulator.Deploy.0 = Release|x86
		{603C2236-A951-4F61-B453-D894C2B9C23D}.Ad-Hoc|x64.ActiveCfg = Release|x64
		{603C2236-A951-4F61-B453-D894C2B9C23D}.Ad-Hoc|x64.Build.0 = Release|x64
		{603C2236-A951-4F61-B453-D894C2B9C23D}.Ad-Hoc|x64.Deploy.0 = Release|x64
		{603C2236-A951-4F61-B453-D894C2B9C23D}.Ad-Hoc|x86.ActiveCfg = Release|x86
		{603C2236-A951-4F61-B453-D894C2B9C23D}.Ad-Hoc|x86.Build.0 = Release|x86
		{603C2236-A951-4F61-B453-D894C2B9C23D}.Ad-Hoc|x86.Deploy.0 = Release|x86
		{603C2236-A951-4F61-B453-D894C2B9C23D}.AppStore|Any CPU.ActiveCfg = Release|x86
		{603C2236-A951-4F61-B453-D894C2B9C23D}.AppStore|Any CPU.Build.0 = Release|x86
		{603C2236-A951-4F61-B453-D894C2B9C23D}.AppStore|Any CPU.Deploy.0 = Release|x86
		{603C2236-A951-4F61-B453-D894C2B9C23D}.AppStore|ARM.ActiveCfg = Release|ARM
		{603C2236-A951-4F61-B453-D894C2B9C23D}.AppStore|ARM.Build.0 = Release|ARM
		{603C2236-A951-4F61-B453-D894C2B9C23D}.AppStore|ARM.Deploy.0 = Release|ARM
		{603C2236-A951-4F61-B453-D894C2B9C23D}.AppStore|iPhone.ActiveCfg = Release|x86
		{603C2236-A951-4F61-B453-D894C2B9C23D}.AppStore|iPhone.Build.0 = Release|x86
		{603C2236-A951-4F61-B453-D894C2B9C23D}.AppStore|iPhone.Deploy.0 = Release|x86
		{603C2236-A951-4F61-B453-D894C2B9C23D}.AppStore|iPhoneSimulator.ActiveCfg = Release|x86
		{603C2236-A951-4F61-B453-D894C2B9C23D}.AppStore|iPhoneSimulator.Build.0 = Release|x86
		{603C2236-A951-4F61-B453-D894C2B9C23D}.AppStore|iPhoneSimulator.Deploy.0 = Release|x86
		{603C2236-A951-4F61-B453-D894C2B9C23D}.AppStore|x64.ActiveCfg = Release|x64
		{603C2236-A951-4F61-B453-D894C2B9C23D}.AppStore|x64.Build.0 = Release|x64
		{603C2236-A951-4F61-B453-D894C2B9C23D}.AppStore|x64.Deploy.0 = Release|x64
		{603C2236-A951-4F61-B453-D894C2B9C23D}.AppStore|x86.ActiveCfg = Release|x86
		{603C2236-A951-4F61-B453-D894C2B9C23D}.AppStore|x86.Build.0 = Release|x86
		{603C2236-A951-4F61-B453-D894C2B9C23D}.AppStore|x86.Deploy.0 = Release|x86
		{603C2236-A951-4F61-B453-D894C2B9C23D}.Debug|Any CPU.ActiveCfg = Debug|x86
		{603C2236-A951-4F61-B453-D894C2B9C23D}.Debug|Any CPU.Build.0 = Debug|x86
		{603C2236-A951-4F61-B453-D894C2B9C23D}.Debug|Any CPU.Deploy.0 = Debug|x86
		{603C2236-A951-4F61-B453-D894C2B9C23D}.Debug|ARM.ActiveCfg = Debug|ARM
		{603C2236-A951-4F61-B453-D894C2B9C23D}.Debug|ARM.Build.0 = Debug|ARM
		{603C2236-A951-4F61-B453-D894C2B9C23D}.Debug|ARM.Deploy.0 = Debug|ARM
		{603C2236-A951-4F61-B453-D894C2B9C23D}.Debug|iPhone.ActiveCfg = Debug|x86
		{603C2236-A951-4F61-B453-D894C2B9C23D}.Debug|iPhone.Build.0 = Debug|x86
		{603C2236-A951-4F61-B453-D894C2B9C23D}.Debug|iPhone.Deploy.0 = Debug|x86
		{603C2236-A951-4F61-B453-D894C2B9C23D}.Debug|iPhoneSimulator.ActiveCfg = Debug|x86
		{603C2236-A951-4F61-B453-D894C2B9C23D}.Debug|iPhoneSimulator.Build.0 = Debug|x86
		{603C2236-A951-4F61-B453-D894C2B9C23D}.Debug|iPhoneSimulator.Deploy.0 = Debug|x86
		{603C2236-A951-4F61-B453-D894C2B9C23D}.Debug|x64.ActiveCfg = Debug|x64
		{603C2236-A951-4F61-B453-D894C2B9C23D}.Debug|x64.Build.0 = Debug|x64
		{603C2236-A951-4F61-B453-D894C2B9C23D}.Debug|x64.Deploy.0 = Debug|x64
		{603C2236-A951-4F61-B453-D894C2B9C23D}.Debug|x86.ActiveCfg = Debug|x86
		{603C2236-A951-4F61-B453-D894C2B9C23D}.Debug|x86.Build.0 = Debug|x86
		{603C2236-A951-4F61-B453-D894C2B9C23D}.Debug|x86.Deploy.0 = Debug|x86
		{603C2236-A951-4F61-B453-D894C2B9C23D}.Release|Any CPU.ActiveCfg = Release|x86
		{603C2236-A951-4F61-B453-D894C2B9C23D}.Release|Any CPU.Build.0 = Release|x86
		{603C2236-A951-4F61-B453-D894C2B9C23D}.Release|Any CPU.Deploy.0 = Release|x86
		{603C2236-A951-4F61-B453-D894C2B9C23D}.Release|ARM.ActiveCfg = Release|ARM
		{603C2236-A951-4F61-B453-D894C2B9C23D}.Release|ARM.Build.0 = Release|ARM
		{603C2236-A951-4F61-B453-D894C2B9C23D}.Release|ARM.Deploy.0 = Release|ARM
		{603C2236-A951-4F61-B453-D894C2B9C23D}.Release|iPhone.ActiveCfg = Release|x86
		{603C2236-A951-4F61-B453-D894C2B9C23D}.Release|iPhone.Build.0 = Release|x86
		{603C2236-A951-4F61-B453-D894C2B9C23D}.Release|iPhone.Deploy.0 = Release|x86
		{603C2236-A951-4F61-B453-D894C2B9C23D}.Release|iPhoneSimulator.ActiveCfg = Release|x86
		{603C2236-A951-4F61-B453-D894C2B9C23D}.Release|iPhoneSimulator.Build.0 = Release|x86
		{603C2236-A951-4F61-B453-D894C2B9C23D}.Release|iPhoneSimulator.Deploy.0 = Release|x86
		{603C2236-A951-4F61-B453-D894C2B9C23D}.Release|x64.ActiveCfg = Release|x64
		{603C2236-A951-4F61-B453-D894C2B9C23D}.Release|x64.Build.0 = Release|x64
		{603C2236-A951-4F61-B453-D894C2B9C23D}.Release|x64.Deploy.0 = Release|x64
		{603C2236-A951-4F61-B453-D894C2B9C23D}.Release|x86.ActiveCfg = Release|x86
		{603C2236-A951-4F61-B453-D894C2B9C23D}.Release|x86.Build.0 = Release|x86
		{603C2236-A951-4F61-B453-D894C2B9C23D}.Release|x86.Deploy.0 = Release|x86
		{94E9070B-1FD6-4C7C-95E0-4E986DA94597}.Ad-Hoc|Any CPU.ActiveCfg = Debug|Any CPU
		{94E9070B-1FD6-4C7C-95E0-4E986DA94597}.Ad-Hoc|Any CPU.Build.0 = Debug|Any CPU
		{94E9070B-1FD6-4C7C-95E0-4E986DA94597}.Ad-Hoc|Any CPU.Deploy.0 = Debug|Any CPU
		{94E9070B-1FD6-4C7C-95E0-4E986DA94597}.Ad-Hoc|ARM.ActiveCfg = Debug|Any CPU
		{94E9070B-1FD6-4C7C-95E0-4E986DA94597}.Ad-Hoc|ARM.Build.0 = Debug|Any CPU
		{94E9070B-1FD6-4C7C-95E0-4E986DA94597}.Ad-Hoc|ARM.Deploy.0 = Debug|Any CPU
		{94E9070B-1FD6-4C7C-95E0-4E986DA94597}.Ad-Hoc|iPhone.ActiveCfg = Debug|Any CPU
		{94E9070B-1FD6-4C7C-95E0-4E986DA94597}.Ad-Hoc|iPhone.Build.0 = Debug|Any CPU
		{94E9070B-1FD6-4C7C-95E0-4E986DA94597}.Ad-Hoc|iPhone.Deploy.0 = Debug|Any CPU
		{94E9070B-1FD6-4C7C-95E0-4E986DA94597}.Ad-Hoc|iPhoneSimulator.ActiveCfg = Debug|Any CPU
		{94E9070B-1FD6-4C7C-95E0-4E986DA94597}.Ad-Hoc|iPhoneSimulator.Build.0 = Debug|Any CPU
		{94E9070B-1FD6-4C7C-95E0-4E986DA94597}.Ad-Hoc|iPhoneSimulator.Deploy.0 = Debug|Any CPU
		{94E9070B-1FD6-4C7C-95E0-4E986DA94597}.Ad-Hoc|x64.ActiveCfg = Debug|Any CPU
		{94E9070B-1FD6-4C7C-95E0-4E986DA94597}.Ad-Hoc|x64.Build.0 = Debug|Any CPU
		{94E9070B-1FD6-4C7C-95E0-4E986DA94597}.Ad-Hoc|x64.Deploy.0 = Debug|Any CPU
		{94E9070B-1FD6-4C7C-95E0-4E986DA94597}.Ad-Hoc|x86.ActiveCfg = Debug|Any CPU
		{94E9070B-1FD6-4C7C-95E0-4E986DA94597}.Ad-Hoc|x86.Build.0 = Debug|Any CPU
		{94E9070B-1FD6-4C7C-95E0-4E986DA94597}.Ad-Hoc|x86.Deploy.0 = Debug|Any CPU
		{94E9070B-1FD6-4C7C-95E0-4E986DA94597}.AppStore|Any CPU.ActiveCfg = Debug|Any CPU
		{94E9070B-1FD6-4C7C-95E0-4E986DA94597}.AppStore|Any CPU.Build.0 = Debug|Any CPU
		{94E9070B-1FD6-4C7C-95E0-4E986DA94597}.AppStore|Any CPU.Deploy.0 = Debug|Any CPU
		{94E9070B-1FD6-4C7C-95E0-4E986DA94597}.AppStore|ARM.ActiveCfg = Debug|Any CPU
		{94E9070B-1FD6-4C7C-95E0-4E986DA94597}.AppStore|ARM.Build.0 = Debug|Any CPU
		{94E9070B-1FD6-4C7C-95E0-4E986DA94597}.AppStore|ARM.Deploy.0 = Debug|Any CPU
		{94E9070B-1FD6-4C7C-95E0-4E986DA94597}.AppStore|iPhone.ActiveCfg = Debug|Any CPU
		{94E9070B-1FD6-4C7C-95E0-4E986DA94597}.AppStore|iPhone.Build.0 = Debug|Any CPU
		{94E9070B-1FD6-4C7C-95E0-4E986DA94597}.AppStore|iPhone.Deploy.0 = Debug|Any CPU
		{94E9070B-1FD6-4C7C-95E0-4E986DA94597}.AppStore|iPhoneSimulator.ActiveCfg = Debug|Any CPU
		{94E9070B-1FD6-4C7C-95E0-4E986DA94597}.AppStore|iPhoneSimulator.Build.0 = Debug|Any CPU
		{94E9070B-1FD6-4C7C-95E0-4E986DA94597}.AppStore|iPhoneSimulator.Deploy.0 = Debug|Any CPU
		{94E9070B-1FD6-4C7C-95E0-4E986DA94597}.AppStore|x64.ActiveCfg = Debug|Any CPU
		{94E9070B-1FD6-4C7C-95E0-4E986DA94597}.AppStore|x64.Build.0 = Debug|Any CPU
		{94E9070B-1FD6-4C7C-95E0-4E986DA94597}.AppStore|x64.Deploy.0 = Debug|Any CPU
		{94E9070B-1FD6-4C7C-95E0-4E986DA94597}.AppStore|x86.ActiveCfg = Debug|Any CPU
		{94E9070B-1FD6-4C7C-95E0-4E986DA94597}.AppStore|x86.Build.0 = Debug|Any CPU
		{94E9070B-1FD6-4C7C-95E0-4E986DA94597}.AppStore|x86.Deploy.0 = Debug|Any CPU
		{94E9070B-1FD6-4C7C-95E0-4E986DA94597}.Debug|Any CPU.ActiveCfg = Debug|Any CPU
		{94E9070B-1FD6-4C7C-95E0-4E986DA94597}.Debug|Any CPU.Build.0 = Debug|Any CPU
		{94E9070B-1FD6-4C7C-95E0-4E986DA94597}.Debug|Any CPU.Deploy.0 = Debug|Any CPU
		{94E9070B-1FD6-4C7C-95E0-4E986DA94597}.Debug|ARM.ActiveCfg = Debug|Any CPU
		{94E9070B-1FD6-4C7C-95E0-4E986DA94597}.Debug|ARM.Build.0 = Debug|Any CPU
		{94E9070B-1FD6-4C7C-95E0-4E986DA94597}.Debug|ARM.Deploy.0 = Debug|Any CPU
		{94E9070B-1FD6-4C7C-95E0-4E986DA94597}.Debug|iPhone.ActiveCfg = Debug|Any CPU
		{94E9070B-1FD6-4C7C-95E0-4E986DA94597}.Debug|iPhone.Build.0 = Debug|Any CPU
		{94E9070B-1FD6-4C7C-95E0-4E986DA94597}.Debug|iPhone.Deploy.0 = Debug|Any CPU
		{94E9070B-1FD6-4C7C-95E0-4E986DA94597}.Debug|iPhoneSimulator.ActiveCfg = Debug|Any CPU
		{94E9070B-1FD6-4C7C-95E0-4E986DA94597}.Debug|iPhoneSimulator.Build.0 = Debug|Any CPU
		{94E9070B-1FD6-4C7C-95E0-4E986DA94597}.Debug|iPhoneSimulator.Deploy.0 = Debug|Any CPU
		{94E9070B-1FD6-4C7C-95E0-4E986DA94597}.Debug|x64.ActiveCfg = Debug|Any CPU
		{94E9070B-1FD6-4C7C-95E0-4E986DA94597}.Debug|x64.Build.0 = Debug|Any CPU
		{94E9070B-1FD6-4C7C-95E0-4E986DA94597}.Debug|x64.Deploy.0 = Debug|Any CPU
		{94E9070B-1FD6-4C7C-95E0-4E986DA94597}.Debug|x86.ActiveCfg = Debug|Any CPU
		{94E9070B-1FD6-4C7C-95E0-4E986DA94597}.Debug|x86.Build.0 = Debug|Any CPU
		{94E9070B-1FD6-4C7C-95E0-4E986DA94597}.Debug|x86.Deploy.0 = Debug|Any CPU
		{94E9070B-1FD6-4C7C-95E0-4E986DA94597}.Release|Any CPU.ActiveCfg = Release|Any CPU
		{94E9070B-1FD6-4C7C-95E0-4E986DA94597}.Release|Any CPU.Build.0 = Release|Any CPU
		{94E9070B-1FD6-4C7C-95E0-4E986DA94597}.Release|Any CPU.Deploy.0 = Release|Any CPU
		{94E9070B-1FD6-4C7C-95E0-4E986DA94597}.Release|ARM.ActiveCfg = Release|Any CPU
		{94E9070B-1FD6-4C7C-95E0-4E986DA94597}.Release|ARM.Build.0 = Release|Any CPU
		{94E9070B-1FD6-4C7C-95E0-4E986DA94597}.Release|ARM.Deploy.0 = Release|Any CPU
		{94E9070B-1FD6-4C7C-95E0-4E986DA94597}.Release|iPhone.ActiveCfg = Release|Any CPU
		{94E9070B-1FD6-4C7C-95E0-4E986DA94597}.Release|iPhone.Build.0 = Release|Any CPU
		{94E9070B-1FD6-4C7C-95E0-4E986DA94597}.Release|iPhone.Deploy.0 = Release|Any CPU
		{94E9070B-1FD6-4C7C-95E0-4E986DA94597}.Release|iPhoneSimulator.ActiveCfg = Release|Any CPU
		{94E9070B-1FD6-4C7C-95E0-4E986DA94597}.Release|iPhoneSimulator.Build.0 = Release|Any CPU
		{94E9070B-1FD6-4C7C-95E0-4E986DA94597}.Release|iPhoneSimulator.Deploy.0 = Release|Any CPU
		{94E9070B-1FD6-4C7C-95E0-4E986DA94597}.Release|x64.ActiveCfg = Release|Any CPU
		{94E9070B-1FD6-4C7C-95E0-4E986DA94597}.Release|x64.Build.0 = Release|Any CPU
		{94E9070B-1FD6-4C7C-95E0-4E986DA94597}.Release|x64.Deploy.0 = Release|Any CPU
		{94E9070B-1FD6-4C7C-95E0-4E986DA94597}.Release|x86.ActiveCfg = Release|Any CPU
		{94E9070B-1FD6-4C7C-95E0-4E986DA94597}.Release|x86.Build.0 = Release|Any CPU
		{94E9070B-1FD6-4C7C-95E0-4E986DA94597}.Release|x86.Deploy.0 = Release|Any CPU
	EndGlobalSection
	GlobalSection(SolutionProperties) = preSolution
		HideSolutionNode = FALSE
	EndGlobalSection
	GlobalSection(ExtensibilityGlobals) = postSolution
		SolutionGuid = {3C29CD47-5941-419F-94A2-6B6F9FE554BA}
	EndGlobalSection
EndGlobal
